
Microsoft Visual Studio Solution File, Format Version 12.00
# Visual Studio Version 16
VisualStudioVersion = 16.0.32407.337
MinimumVisualStudioVersion = 10.0.40219.1
Project("{9A19103F-16F7-4668-BE54-9A1E7A4F7556}") = "TestProject", "TestProject\TestProject.csproj", "{BA0DB3EC-181F-4CD3-9EDD-0D4A81EF5A2A}"
EndProject
Project("{9A19103F-16F7-4668-BE54-9A1E7A4F7556}") = "Core", "Core\Core.csproj", "{8F53007D-03BF-4E10-95B3-24CF1B0D6601}"
EndProject
Project("{9A19103F-16F7-4668-BE54-9A1E7A4F7556}") = "Business", "Business\Business.csproj", "{5D15E32C-B9E3-4963-A7E3-2B8BF14C4D9C}"
EndProject
Project("{FAE04EC0-301F-11D3-BF4B-00C04F79EFBC}") = "UnitTests", "UnitTests\UnitTests.csproj", "{5929750F-47B3-447E-A3D8-1FE841CD6CDB}"
EndProject
Global
	GlobalSection(SolutionConfigurationPlatforms) = preSolution
		Debug|Any CPU = Debug|Any CPU
		Release|Any CPU = Release|Any CPU
	EndGlobalSection
	GlobalSection(ProjectConfigurationPlatforms) = postSolution
		{BA0DB3EC-181F-4CD3-9EDD-0D4A81EF5A2A}.Debug|Any CPU.ActiveCfg = Debug|Any CPU
		{BA0DB3EC-181F-4CD3-9EDD-0D4A81EF5A2A}.Debug|Any CPU.Build.0 = Debug|Any CPU
		{BA0DB3EC-181F-4CD3-9EDD-0D4A81EF5A2A}.Release|Any CPU.ActiveCfg = Release|Any CPU
		{BA0DB3EC-181F-4CD3-9EDD-0D4A81EF5A2A}.Release|Any CPU.Build.0 = Release|Any CPU
		{8F53007D-03BF-4E10-95B3-24CF1B0D6601}.Debug|Any CPU.ActiveCfg = Debug|Any CPU
		{8F53007D-03BF-4E10-95B3-24CF1B0D6601}.Debug|Any CPU.Build.0 = Debug|Any CPU
		{8F53007D-03BF-4E10-95B3-24CF1B0D6601}.Release|Any CPU.ActiveCfg = Release|Any CPU
		{8F53007D-03BF-4E10-95B3-24CF1B0D6601}.Release|Any CPU.Build.0 = Release|Any CPU
		{5D15E32C-B9E3-4963-A7E3-2B8BF14C4D9C}.Debug|Any CPU.ActiveCfg = Debug|Any CPU
		{5D15E32C-B9E3-4963-A7E3-2B8BF14C4D9C}.Debug|Any CPU.Build.0 = Debug|Any CPU
		{5D15E32C-B9E3-4963-A7E3-2B8BF14C4D9C}.Release|Any CPU.ActiveCfg = Release|Any CPU
		{5D15E32C-B9E3-4963-A7E3-2B8BF14C4D9C}.Release|Any CPU.Build.0 = Release|Any CPU
		{5929750F-47B3-447E-A3D8-1FE841CD6CDB}.Debug|Any CPU.ActiveCfg = Debug|Any CPU
		{5929750F-47B3-447E-A3D8-1FE841CD6CDB}.Debug|Any CPU.Build.0 = Debug|Any CPU
		{5929750F-47B3-447E-A3D8-1FE841CD6CDB}.Release|Any CPU.ActiveCfg = Release|Any CPU
		{5929750F-47B3-447E-A3D8-1FE841CD6CDB}.Release|Any CPU.Build.0 = Release|Any CPU
	EndGlobalSection
	GlobalSection(SolutionProperties) = preSolution
		HideSolutionNode = FALSE
	EndGlobalSection
	GlobalSection(ExtensibilityGlobals) = postSolution
		SolutionGuid = {66A12050-144A-4589-B6CC-B089AB13B3A1}
	EndGlobalSection
EndGlobal
